
Microsoft Visual Studio Solution File, Format Version 12.00
# Visual Studio Version 16
VisualStudioVersion = 16.0.31727.386
MinimumVisualStudioVersion = 10.0.40219.1
Project("{9A19103F-16F7-4668-BE54-9A1E7A4F7556}") = "dotNet5782_4469_6176_P", "dotNet5782_4469_6176_P\dotNet5782_4469_6176_P.csproj", "{68CE7F83-E17B-4466-8938-6DC9A6D76CA0}"
EndProject
Project("{9A19103F-16F7-4668-BE54-9A1E7A4F7556}") = "DS", "DS\DS.csproj", "{77B7D9A2-0A71-4F0B-BE76-E4E9238F3F19}"
EndProject
Project("{9A19103F-16F7-4668-BE54-9A1E7A4F7556}") = "BL", "BL\BL.csproj", "{D7E70317-C1CC-473F-9334-9BA942CE9911}"
EndProject
Project("{9A19103F-16F7-4668-BE54-9A1E7A4F7556}") = "DLAPI", "DLAPI\DLAPI.csproj", "{C8A1F3AA-F954-4A01-B4D1-AC36FC98F90D}"
EndProject
Project("{9A19103F-16F7-4668-BE54-9A1E7A4F7556}") = "DLObject", "DLObject\DLObject.csproj", "{4FC80444-A952-4E4B-97EF-64132EFE6CE0}"
EndProject
Project("{9A19103F-16F7-4668-BE54-9A1E7A4F7556}") = "PL", "PL\PL.csproj", "{81B40AB7-1E47-43BF-A8F7-24F4B24AF0A7}"
EndProject
Project("{2150E333-8FDC-42A3-9474-1A3956D46DE8}") = "Solution Items", "Solution Items", "{9B159BC8-F116-4F18-9538-19ACDA021E5B}"
	ProjectSection(SolutionItems) = preProject
		config.xml = config.xml
	EndProjectSection
EndProject
Project("{FAE04EC0-301F-11D3-BF4B-00C04F79EFBC}") = "DLXML", "DLXML\DLXML.csproj", "{8BF7113E-B0B2-4483-BB0E-D94D78989B99}"
EndProject
Global
	GlobalSection(SolutionConfigurationPlatforms) = preSolution
		Debug|Any CPU = Debug|Any CPU
		Release|Any CPU = Release|Any CPU
	EndGlobalSection
	GlobalSection(ProjectConfigurationPlatforms) = postSolution
		{68CE7F83-E17B-4466-8938-6DC9A6D76CA0}.Debug|Any CPU.ActiveCfg = Debug|Any CPU
		{68CE7F83-E17B-4466-8938-6DC9A6D76CA0}.Debug|Any CPU.Build.0 = Debug|Any CPU
		{68CE7F83-E17B-4466-8938-6DC9A6D76CA0}.Release|Any CPU.ActiveCfg = Release|Any CPU
		{68CE7F83-E17B-4466-8938-6DC9A6D76CA0}.Release|Any CPU.Build.0 = Release|Any CPU
		{77B7D9A2-0A71-4F0B-BE76-E4E9238F3F19}.Debug|Any CPU.ActiveCfg = Debug|Any CPU
		{77B7D9A2-0A71-4F0B-BE76-E4E9238F3F19}.Debug|Any CPU.Build.0 = Debug|Any CPU
		{77B7D9A2-0A71-4F0B-BE76-E4E9238F3F19}.Release|Any CPU.ActiveCfg = Release|Any CPU
		{77B7D9A2-0A71-4F0B-BE76-E4E9238F3F19}.Release|Any CPU.Build.0 = Release|Any CPU
		{D7E70317-C1CC-473F-9334-9BA942CE9911}.Debug|Any CPU.ActiveCfg = Debug|Any CPU
		{D7E70317-C1CC-473F-9334-9BA942CE9911}.Debug|Any CPU.Build.0 = Debug|Any CPU
		{D7E70317-C1CC-473F-9334-9BA942CE9911}.Release|Any CPU.ActiveCfg = Release|Any CPU
		{D7E70317-C1CC-473F-9334-9BA942CE9911}.Release|Any CPU.Build.0 = Release|Any CPU
		{C8A1F3AA-F954-4A01-B4D1-AC36FC98F90D}.Debug|Any CPU.ActiveCfg = Debug|Any CPU
		{C8A1F3AA-F954-4A01-B4D1-AC36FC98F90D}.Debug|Any CPU.Build.0 = Debug|Any CPU
		{C8A1F3AA-F954-4A01-B4D1-AC36FC98F90D}.Release|Any CPU.ActiveCfg = Release|Any CPU
		{C8A1F3AA-F954-4A01-B4D1-AC36FC98F90D}.Release|Any CPU.Build.0 = Release|Any CPU
		{4FC80444-A952-4E4B-97EF-64132EFE6CE0}.Debug|Any CPU.ActiveCfg = Debug|Any CPU
		{4FC80444-A952-4E4B-97EF-64132EFE6CE0}.Debug|Any CPU.Build.0 = Debug|Any CPU
		{4FC80444-A952-4E4B-97EF-64132EFE6CE0}.Release|Any CPU.ActiveCfg = Release|Any CPU
		{4FC80444-A952-4E4B-97EF-64132EFE6CE0}.Release|Any CPU.Build.0 = Release|Any CPU
		{81B40AB7-1E47-43BF-A8F7-24F4B24AF0A7}.Debug|Any CPU.ActiveCfg = Debug|Any CPU
		{81B40AB7-1E47-43BF-A8F7-24F4B24AF0A7}.Debug|Any CPU.Build.0 = Debug|Any CPU
		{81B40AB7-1E47-43BF-A8F7-24F4B24AF0A7}.Release|Any CPU.ActiveCfg = Release|Any CPU
		{81B40AB7-1E47-43BF-A8F7-24F4B24AF0A7}.Release|Any CPU.Build.0 = Release|Any CPU
		{8BF7113E-B0B2-4483-BB0E-D94D78989B99}.Debug|Any CPU.ActiveCfg = Debug|Any CPU
		{8BF7113E-B0B2-4483-BB0E-D94D78989B99}.Debug|Any CPU.Build.0 = Debug|Any CPU
		{8BF7113E-B0B2-4483-BB0E-D94D78989B99}.Release|Any CPU.ActiveCfg = Release|Any CPU
		{8BF7113E-B0B2-4483-BB0E-D94D78989B99}.Release|Any CPU.Build.0 = Release|Any CPU
	EndGlobalSection
	GlobalSection(SolutionProperties) = preSolution
		HideSolutionNode = FALSE
	EndGlobalSection
	GlobalSection(ExtensibilityGlobals) = postSolution
		SolutionGuid = {22D8386A-B495-4DE1-BDFC-A6B2D310AC86}
	EndGlobalSection
EndGlobal
